
Microsoft Visual Studio Solution File, Format Version 12.00
# Visual Studio Version 16
VisualStudioVersion = 16.0.29613.14
MinimumVisualStudioVersion = 10.0.40219.1
Project("{9A19103F-16F7-4668-BE54-9A1E7A4F7556}") = "UserMicroService", "UserMicroService\UserMicroService.csproj", "{DEB4DE56-07D3-464D-A7D6-A32FC04E9420}"
EndProject
Project("{9A19103F-16F7-4668-BE54-9A1E7A4F7556}") = "Infrastructure", "Infrastructure\Infrastructure.csproj", "{A48BD1C4-72EF-4BB5-80FE-246E12DEE2E4}"
EndProject
Project("{9A19103F-16F7-4668-BE54-9A1E7A4F7556}") = "Domain", "Domain\Domain.csproj", "{D6E8CF63-2863-48A4-A20E-65D0C0ED2B93}"
EndProject
Project("{9A19103F-16F7-4668-BE54-9A1E7A4F7556}") = "Application", "Application\Application.csproj", "{4B91DAB8-12DF-4CC5-9134-E88C0E7FE386}"
EndProject
Project("{FAE04EC0-301F-11D3-BF4B-00C04F79EFBC}") = "UserMicroServiceUnitTest", "UserMicroServiceUnitTest\UserMicroServiceUnitTest.csproj", "{5E26D58F-19B3-486F-8403-E3127F6564F0}"
EndProject
Global
	GlobalSection(SolutionConfigurationPlatforms) = preSolution
		Debug|Any CPU = Debug|Any CPU
		Release|Any CPU = Release|Any CPU
	EndGlobalSection
	GlobalSection(ProjectConfigurationPlatforms) = postSolution
		{DEB4DE56-07D3-464D-A7D6-A32FC04E9420}.Debug|Any CPU.ActiveCfg = Debug|Any CPU
		{DEB4DE56-07D3-464D-A7D6-A32FC04E9420}.Debug|Any CPU.Build.0 = Debug|Any CPU
		{DEB4DE56-07D3-464D-A7D6-A32FC04E9420}.Release|Any CPU.ActiveCfg = Release|Any CPU
		{DEB4DE56-07D3-464D-A7D6-A32FC04E9420}.Release|Any CPU.Build.0 = Release|Any CPU
		{A48BD1C4-72EF-4BB5-80FE-246E12DEE2E4}.Debug|Any CPU.ActiveCfg = Debug|Any CPU
		{A48BD1C4-72EF-4BB5-80FE-246E12DEE2E4}.Debug|Any CPU.Build.0 = Debug|Any CPU
		{A48BD1C4-72EF-4BB5-80FE-246E12DEE2E4}.Release|Any CPU.ActiveCfg = Release|Any CPU
		{A48BD1C4-72EF-4BB5-80FE-246E12DEE2E4}.Release|Any CPU.Build.0 = Release|Any CPU
		{D6E8CF63-2863-48A4-A20E-65D0C0ED2B93}.Debug|Any CPU.ActiveCfg = Debug|Any CPU
		{D6E8CF63-2863-48A4-A20E-65D0C0ED2B93}.Debug|Any CPU.Build.0 = Debug|Any CPU
		{D6E8CF63-2863-48A4-A20E-65D0C0ED2B93}.Release|Any CPU.ActiveCfg = Release|Any CPU
		{D6E8CF63-2863-48A4-A20E-65D0C0ED2B93}.Release|Any CPU.Build.0 = Release|Any CPU
		{4B91DAB8-12DF-4CC5-9134-E88C0E7FE386}.Debug|Any CPU.ActiveCfg = Debug|Any CPU
		{4B91DAB8-12DF-4CC5-9134-E88C0E7FE386}.Debug|Any CPU.Build.0 = Debug|Any CPU
		{4B91DAB8-12DF-4CC5-9134-E88C0E7FE386}.Release|Any CPU.ActiveCfg = Release|Any CPU
		{4B91DAB8-12DF-4CC5-9134-E88C0E7FE386}.Release|Any CPU.Build.0 = Release|Any CPU
		{5E26D58F-19B3-486F-8403-E3127F6564F0}.Debug|Any CPU.ActiveCfg = Debug|Any CPU
		{5E26D58F-19B3-486F-8403-E3127F6564F0}.Debug|Any CPU.Build.0 = Debug|Any CPU
		{5E26D58F-19B3-486F-8403-E3127F6564F0}.Release|Any CPU.ActiveCfg = Release|Any CPU
		{5E26D58F-19B3-486F-8403-E3127F6564F0}.Release|Any CPU.Build.0 = Release|Any CPU
	EndGlobalSection
	GlobalSection(SolutionProperties) = preSolution
		HideSolutionNode = FALSE
	EndGlobalSection
	GlobalSection(ExtensibilityGlobals) = postSolution
		SolutionGuid = {FCFE344F-8574-48D8-A7CE-7B498371370E}
	EndGlobalSection
EndGlobal
